// !$*UTF8*$!
{
	archiveVersion = 1;
	classes = {
	};
	objectVersion = 46;
	objects = {

/* Begin PBXBuildFile section */
		AF00AA841F2F1395002D53E9 /* AppDelegate.swift in Sources */ = {isa = PBXBuildFile; fileRef = AF00AA831F2F1395002D53E9 /* AppDelegate.swift */; };
		AF00AA861F2F1395002D53E9 /* ViewController.swift in Sources */ = {isa = PBXBuildFile; fileRef = AF00AA851F2F1395002D53E9 /* ViewController.swift */; };
		AF00AA891F2F1395002D53E9 /* Main.storyboard in Resources */ = {isa = PBXBuildFile; fileRef = AF00AA871F2F1395002D53E9 /* Main.storyboard */; };
		AF00AA8B1F2F1395002D53E9 /* Assets.xcassets in Resources */ = {isa = PBXBuildFile; fileRef = AF00AA8A1F2F1395002D53E9 /* Assets.xcassets */; };
		AF00AA8E1F2F1395002D53E9 /* LaunchScreen.storyboard in Resources */ = {isa = PBXBuildFile; fileRef = AF00AA8C1F2F1395002D53E9 /* LaunchScreen.storyboard */; };
		AFDDFB3D1F2F1DA300386464 /* HomeTableViewController.swift in Sources */ = {isa = PBXBuildFile; fileRef = AFDDFB3C1F2F1DA300386464 /* HomeTableViewController.swift */; };
		AFDDFB411F2F2A9900386464 /* CategoryCell.swift in Sources */ = {isa = PBXBuildFile; fileRef = AFDDFB401F2F2A9900386464 /* CategoryCell.swift */; };
		AFDDFB431F2F31A300386464 /* StaticTableViewController.swift in Sources */ = {isa = PBXBuildFile; fileRef = AFDDFB421F2F31A300386464 /* StaticTableViewController.swift */; };
		AFDDFB471F2F336F00386464 /* CollectionViewController.swift in Sources */ = {isa = PBXBuildFile; fileRef = AFDDFB461F2F336F00386464 /* CollectionViewController.swift */; };
		AFEB918B1F3012A3001C042C /* EventVC.swift in Sources */ = {isa = PBXBuildFile; fileRef = AFEB918A1F3012A3001C042C /* EventVC.swift */; };
		AFEB918D1F305806001C042C /* QRCodeVC.swift in Sources */ = {isa = PBXBuildFile; fileRef = AFEB918C1F305806001C042C /* QRCodeVC.swift */; };
		B32FF962ADC12061C3F2ED9E /* Pods_TestMind.framework in Frameworks */ = {isa = PBXBuildFile; fileRef = 1E54259A0BE786F4465D9007 /* Pods_TestMind.framework */; };
/* End PBXBuildFile section */

/* Begin PBXFileReference section */
		1E54259A0BE786F4465D9007 /* Pods_TestMind.framework */ = {isa = PBXFileReference; explicitFileType = wrapper.framework; includeInIndex = 0; path = Pods_TestMind.framework; sourceTree = BUILT_PRODUCTS_DIR; };
		694DD2462DEF414E38BACFC0 /* Pods-TestMind.debug.xcconfig */ = {isa = PBXFileReference; includeInIndex = 1; lastKnownFileType = text.xcconfig; name = "Pods-TestMind.debug.xcconfig"; path = "Pods/Target Support Files/Pods-TestMind/Pods-TestMind.debug.xcconfig"; sourceTree = "<group>"; };
		AF00AA801F2F1395002D53E9 /* TestMind.app */ = {isa = PBXFileReference; explicitFileType = wrapper.application; includeInIndex = 0; path = TestMind.app; sourceTree = BUILT_PRODUCTS_DIR; };
		AF00AA831F2F1395002D53E9 /* AppDelegate.swift */ = {isa = PBXFileReference; lastKnownFileType = sourcecode.swift; path = AppDelegate.swift; sourceTree = "<group>"; };
		AF00AA851F2F1395002D53E9 /* ViewController.swift */ = {isa = PBXFileReference; lastKnownFileType = sourcecode.swift; path = ViewController.swift; sourceTree = "<group>"; };
		AF00AA881F2F1395002D53E9 /* Base */ = {isa = PBXFileReference; lastKnownFileType = file.storyboard; name = Base; path = Base.lproj/Main.storyboard; sourceTree = "<group>"; };
		AF00AA8A1F2F1395002D53E9 /* Assets.xcassets */ = {isa = PBXFileReference; lastKnownFileType = folder.assetcatalog; path = Assets.xcassets; sourceTree = "<group>"; };
		AF00AA8D1F2F1395002D53E9 /* Base */ = {isa = PBXFileReference; lastKnownFileType = file.storyboard; name = Base; path = Base.lproj/LaunchScreen.storyboard; sourceTree = "<group>"; };
		AF00AA8F1F2F1395002D53E9 /* Info.plist */ = {isa = PBXFileReference; lastKnownFileType = text.plist.xml; path = Info.plist; sourceTree = "<group>"; };
		AFDDFB3C1F2F1DA300386464 /* HomeTableViewController.swift */ = {isa = PBXFileReference; fileEncoding = 4; lastKnownFileType = sourcecode.swift; path = HomeTableViewController.swift; sourceTree = "<group>"; };
		AFDDFB401F2F2A9900386464 /* CategoryCell.swift */ = {isa = PBXFileReference; fileEncoding = 4; lastKnownFileType = sourcecode.swift; path = CategoryCell.swift; sourceTree = "<group>"; };
		AFDDFB421F2F31A300386464 /* StaticTableViewController.swift */ = {isa = PBXFileReference; fileEncoding = 4; lastKnownFileType = sourcecode.swift; path = StaticTableViewController.swift; sourceTree = "<group>"; };
		AFDDFB461F2F336F00386464 /* CollectionViewController.swift */ = {isa = PBXFileReference; fileEncoding = 4; lastKnownFileType = sourcecode.swift; path = CollectionViewController.swift; sourceTree = "<group>"; };
		AFEB918A1F3012A3001C042C /* EventVC.swift */ = {isa = PBXFileReference; fileEncoding = 4; lastKnownFileType = sourcecode.swift; path = EventVC.swift; sourceTree = "<group>"; };
		AFEB918C1F305806001C042C /* QRCodeVC.swift */ = {isa = PBXFileReference; fileEncoding = 4; lastKnownFileType = sourcecode.swift; path = QRCodeVC.swift; sourceTree = "<group>"; };
		DFDEFE50338E991A0CC34C3E /* Pods-TestMind.release.xcconfig */ = {isa = PBXFileReference; includeInIndex = 1; lastKnownFileType = text.xcconfig; name = "Pods-TestMind.release.xcconfig"; path = "Pods/Target Support Files/Pods-TestMind/Pods-TestMind.release.xcconfig"; sourceTree = "<group>"; };
/* End PBXFileReference section */

/* Begin PBXFrameworksBuildPhase section */
		AF00AA7D1F2F1394002D53E9 /* Frameworks */ = {
			isa = PBXFrameworksBuildPhase;
			buildActionMask = 2147483647;
			files = (
				B32FF962ADC12061C3F2ED9E /* Pods_TestMind.framework in Frameworks */,
			);
			runOnlyForDeploymentPostprocessing = 0;
		};
/* End PBXFrameworksBuildPhase section */

/* Begin PBXGroup section */
		186D4B7CE67C47F0D47562A4 /* Frameworks */ = {
			isa = PBXGroup;
			children = (
				1E54259A0BE786F4465D9007 /* Pods_TestMind.framework */,
			);
			name = Frameworks;
			sourceTree = "<group>";
		};
		75FAD6789E917523B6CC4958 /* Pods */ = {
			isa = PBXGroup;
			children = (
				694DD2462DEF414E38BACFC0 /* Pods-TestMind.debug.xcconfig */,
				DFDEFE50338E991A0CC34C3E /* Pods-TestMind.release.xcconfig */,
			);
			name = Pods;
			sourceTree = "<group>";
		};
		AF00AA771F2F1394002D53E9 = {
			isa = PBXGroup;
			children = (
				AF00AA821F2F1395002D53E9 /* TestMind */,
				AF00AA811F2F1395002D53E9 /* Products */,
				75FAD6789E917523B6CC4958 /* Pods */,
				186D4B7CE67C47F0D47562A4 /* Frameworks */,
			);
			sourceTree = "<group>";
		};
		AF00AA811F2F1395002D53E9 /* Products */ = {
			isa = PBXGroup;
			children = (
				AF00AA801F2F1395002D53E9 /* TestMind.app */,
			);
			name = Products;
			sourceTree = "<group>";
		};
		AF00AA821F2F1395002D53E9 /* TestMind */ = {
			isa = PBXGroup;
			children = (
				AF00AA831F2F1395002D53E9 /* AppDelegate.swift */,
				AF00AA851F2F1395002D53E9 /* ViewController.swift */,
				AF00AA871F2F1395002D53E9 /* Main.storyboard */,
				AFDDFB421F2F31A300386464 /* StaticTableViewController.swift */,
				AFDDFB3C1F2F1DA300386464 /* HomeTableViewController.swift */,
				AFDDFB401F2F2A9900386464 /* CategoryCell.swift */,
				AFEB918A1F3012A3001C042C /* EventVC.swift */,
				AFDDFB461F2F336F00386464 /* CollectionViewController.swift */,
				AFEB918C1F305806001C042C /* QRCodeVC.swift */,
				AF00AA8A1F2F1395002D53E9 /* Assets.xcassets */,
				AF00AA8C1F2F1395002D53E9 /* LaunchScreen.storyboard */,
				AF00AA8F1F2F1395002D53E9 /* Info.plist */,
			);
			path = TestMind;
			sourceTree = "<group>";
		};
/* End PBXGroup section */

/* Begin PBXNativeTarget section */
		AF00AA7F1F2F1394002D53E9 /* TestMind */ = {
			isa = PBXNativeTarget;
			buildConfigurationList = AF00AA921F2F1395002D53E9 /* Build configuration list for PBXNativeTarget "TestMind" */;
			buildPhases = (
				838118126D0BB3DAFCCCF530 /* [CP] Check Pods Manifest.lock */,
				AF00AA7C1F2F1394002D53E9 /* Sources */,
				AF00AA7D1F2F1394002D53E9 /* Frameworks */,
				AF00AA7E1F2F1394002D53E9 /* Resources */,
				35F8C314397681FE0C3692F4 /* [CP] Embed Pods Frameworks */,
				2F8CBD2786BD270922C4DB51 /* [CP] Copy Pods Resources */,
			);
			buildRules = (
			);
			dependencies = (
			);
			name = TestMind;
			productName = TestMind;
			productReference = AF00AA801F2F1395002D53E9 /* TestMind.app */;
			productType = "com.apple.product-type.application";
		};
/* End PBXNativeTarget section */

/* Begin PBXProject section */
		AF00AA781F2F1394002D53E9 /* Project object */ = {
			isa = PBXProject;
			attributes = {
				LastSwiftUpdateCheck = 0830;
				LastUpgradeCheck = 0830;
				ORGANIZATIONNAME = kbala;
				TargetAttributes = {
					AF00AA7F1F2F1394002D53E9 = {
						CreatedOnToolsVersion = 8.3.3;
						DevelopmentTeam = M6YNSGHTE9;
						ProvisioningStyle = Automatic;
					};
				};
			};
			buildConfigurationList = AF00AA7B1F2F1394002D53E9 /* Build configuration list for PBXProject "TestMind" */;
			compatibilityVersion = "Xcode 3.2";
			developmentRegion = English;
			hasScannedForEncodings = 0;
			knownRegions = (
				en,
				Base,
			);
			mainGroup = AF00AA771F2F1394002D53E9;
			productRefGroup = AF00AA811F2F1395002D53E9 /* Products */;
			projectDirPath = "";
			projectRoot = "";
			targets = (
				AF00AA7F1F2F1394002D53E9 /* TestMind */,
			);
		};
/* End PBXProject section */

/* Begin PBXResourcesBuildPhase section */
		AF00AA7E1F2F1394002D53E9 /* Resources */ = {
			isa = PBXResourcesBuildPhase;
			buildActionMask = 2147483647;
			files = (
				AF00AA8E1F2F1395002D53E9 /* LaunchScreen.storyboard in Resources */,
				AF00AA8B1F2F1395002D53E9 /* Assets.xcassets in Resources */,
				AF00AA891F2F1395002D53E9 /* Main.storyboard in Resources */,
			);
			runOnlyForDeploymentPostprocessing = 0;
		};
/* End PBXResourcesBuildPhase section */

/* Begin PBXShellScriptBuildPhase section */
		2F8CBD2786BD270922C4DB51 /* [CP] Copy Pods Resources */ = {
			isa = PBXShellScriptBuildPhase;
			buildActionMask = 2147483647;
			files = (
			);
			inputPaths = (
			);
			name = "[CP] Copy Pods Resources";
			outputPaths = (
			);
			runOnlyForDeploymentPostprocessing = 0;
			shellPath = /bin/sh;
			shellScript = "\"${SRCROOT}/Pods/Target Support Files/Pods-TestMind/Pods-TestMind-resources.sh\"\n";
			showEnvVarsInLog = 0;
		};
		35F8C314397681FE0C3692F4 /* [CP] Embed Pods Frameworks */ = {
			isa = PBXShellScriptBuildPhase;
			buildActionMask = 2147483647;
			files = (
			);
			inputPaths = (
			);
			name = "[CP] Embed Pods Frameworks";
			outputPaths = (
			);
			runOnlyForDeploymentPostprocessing = 0;
			shellPath = /bin/sh;
			shellScript = "\"${SRCROOT}/Pods/Target Support Files/Pods-TestMind/Pods-TestMind-frameworks.sh\"\n";
			showEnvVarsInLog = 0;
		};
		838118126D0BB3DAFCCCF530 /* [CP] Check Pods Manifest.lock */ = {
			isa = PBXShellScriptBuildPhase;
			buildActionMask = 2147483647;
			files = (
			);
			inputPaths = (
			);
			name = "[CP] Check Pods Manifest.lock";
			outputPaths = (
			);
			runOnlyForDeploymentPostprocessing = 0;
			shellPath = /bin/sh;
			shellScript = "diff \"${PODS_PODFILE_DIR_PATH}/Podfile.lock\" \"${PODS_ROOT}/Manifest.lock\" > /dev/null\nif [ $? != 0 ] ; then\n    # print error to STDERR\n    echo \"error: The sandbox is not in sync with the Podfile.lock. Run 'pod install' or update your CocoaPods installation.\" >&2\n    exit 1\nfi\n";
			showEnvVarsInLog = 0;
		};
/* End PBXShellScriptBuildPhase section */

/* Begin PBXSourcesBuildPhase section */
		AF00AA7C1F2F1394002D53E9 /* Sources */ = {
			isa = PBXSourcesBuildPhase;
			buildActionMask = 2147483647;
			files = (
				AFEB918D1F305806001C042C /* QRCodeVC.swift in Sources */,
				AFDDFB3D1F2F1DA300386464 /* HomeTableViewController.swift in Sources */,
				AF00AA861F2F1395002D53E9 /* ViewController.swift in Sources */,
				AFEB918B1F3012A3001C042C /* EventVC.swift in Sources */,
				AF00AA841F2F1395002D53E9 /* AppDelegate.swift in Sources */,
				AFDDFB471F2F336F00386464 /* CollectionViewController.swift in Sources */,
				AFDDFB431F2F31A300386464 /* StaticTableViewController.swift in Sources */,
				AFDDFB411F2F2A9900386464 /* CategoryCell.swift in Sources */,
			);
			runOnlyForDeploymentPostprocessing = 0;
		};
/* End PBXSourcesBuildPhase section */

/* Begin PBXVariantGroup section */
		AF00AA871F2F1395002D53E9 /* Main.storyboard */ = {
			isa = PBXVariantGroup;
			children = (
				AF00AA881F2F1395002D53E9 /* Base */,
			);
			name = Main.storyboard;
			sourceTree = "<group>";
		};
		AF00AA8C1F2F1395002D53E9 /* LaunchScreen.storyboard */ = {
			isa = PBXVariantGroup;
			children = (
				AF00AA8D1F2F1395002D53E9 /* Base */,
			);
			name = LaunchScreen.storyboard;
			sourceTree = "<group>";
		};
/* End PBXVariantGroup section */

/* Begin XCBuildConfiguration section */
		AF00AA901F2F1395002D53E9 /* Debug */ = {
			isa = XCBuildConfiguration;
			buildSettings = {
				ALWAYS_SEARCH_USER_PATHS = NO;
				CLANG_ANALYZER_NONNULL = YES;
				CLANG_ANALYZER_NUMBER_OBJECT_CONVERSION = YES_AGGRESSIVE;
				CLANG_CXX_LANGUAGE_STANDARD = "gnu++0x";
				CLANG_CXX_LIBRARY = "libc++";
				CLANG_ENABLE_MODULES = YES;
				CLANG_ENABLE_OBJC_ARC = YES;
				CLANG_WARN_BOOL_CONVERSION = YES;
				CLANG_WARN_CONSTANT_CONVERSION = YES;
				CLANG_WARN_DIRECT_OBJC_ISA_USAGE = YES_ERROR;
				CLANG_WARN_DOCUMENTATION_COMMENTS = YES;
				CLANG_WARN_EMPTY_BODY = YES;
				CLANG_WARN_ENUM_CONVERSION = YES;
				CLANG_WARN_INFINITE_RECURSION = YES;
				CLANG_WARN_INT_CONVERSION = YES;
				CLANG_WARN_OBJC_ROOT_CLASS = YES_ERROR;
				CLANG_WARN_SUSPICIOUS_MOVE = YES;
				CLANG_WARN_UNREACHABLE_CODE = YES;
				CLANG_WARN__DUPLICATE_METHOD_MATCH = YES;
				"CODE_SIGN_IDENTITY[sdk=iphoneos*]" = "iPhone Developer";
				COPY_PHASE_STRIP = NO;
				DEBUG_INFORMATION_FORMAT = dwarf;
				ENABLE_STRICT_OBJC_MSGSEND = YES;
				ENABLE_TESTABILITY = YES;
				GCC_C_LANGUAGE_STANDARD = gnu99;
				GCC_DYNAMIC_NO_PIC = NO;
				GCC_NO_COMMON_BLOCKS = YES;
				GCC_OPTIMIZATION_LEVEL = 0;
				GCC_PREPROCESSOR_DEFINITIONS = (
					"DEBUG=1",
					"$(inherited)",
				);
				GCC_WARN_64_TO_32_BIT_CONVERSION = YES;
				GCC_WARN_ABOUT_RETURN_TYPE = YES_ERROR;
				GCC_WARN_UNDECLARED_SELECTOR = YES;
				GCC_WARN_UNINITIALIZED_AUTOS = YES_AGGRESSIVE;
				GCC_WARN_UNUSED_FUNCTION = YES;
				GCC_WARN_UNUSED_VARIABLE = YES;
				IPHONEOS_DEPLOYMENT_TARGET = 10.3;
				MTL_ENABLE_DEBUG_INFO = YES;
				ONLY_ACTIVE_ARCH = YES;
				SDKROOT = iphoneos;
				SWIFT_ACTIVE_COMPILATION_CONDITIONS = DEBUG;
				SWIFT_OPTIMIZATION_LEVEL = "-Onone";
				TARGETED_DEVICE_FAMILY = "1,2";
			};
			name = Debug;
		};
		AF00AA911F2F1395002D53E9 /* Release */ = {
			isa = XCBuildConfiguration;
			buildSettings = {
				ALWAYS_SEARCH_USER_PATHS = NO;
				CLANG_ANALYZER_NONNULL = YES;
				CLANG_ANALYZER_NUMBER_OBJECT_CONVERSION = YES_AGGRESSIVE;
				CLANG_CXX_LANGUAGE_STANDARD = "gnu++0x";
				CLANG_CXX_LIBRARY = "libc++";
				CLANG_ENABLE_MODULES = YES;
				CLANG_ENABLE_OBJC_ARC = YES;
				CLANG_WARN_BOOL_CONVERSION = YES;
				CLANG_WARN_CONSTANT_CONVERSION = YES;
				CLANG_WARN_DIRECT_OBJC_ISA_USAGE = YES_ERROR;
				CLANG_WARN_DOCUMENTATION_COMMENTS = YES;
				CLANG_WARN_EMPTY_BODY = YES;
				CLANG_WARN_ENUM_CONVERSION = YES;
				CLANG_WARN_INFINITE_RECURSION = YES;
				CLANG_WARN_INT_CONVERSION = YES;
				CLANG_WARN_OBJC_ROOT_CLASS = YES_ERROR;
				CLANG_WARN_SUSPICIOUS_MOVE = YES;
				CLANG_WARN_UNREACHABLE_CODE = YES;
				CLANG_WARN__DUPLICATE_METHOD_MATCH = YES;
				"CODE_SIGN_IDENTITY[sdk=iphoneos*]" = "iPhone Developer";
				COPY_PHASE_STRIP = NO;
				DEBUG_INFORMATION_FORMAT = "dwarf-with-dsym";
				ENABLE_NS_ASSERTIONS = NO;
				ENABLE_STRICT_OBJC_MSGSEND = YES;
				GCC_C_LANGUAGE_STANDARD = gnu99;
				GCC_NO_COMMON_BLOCKS = YES;
				GCC_WARN_64_TO_32_BIT_CONVERSION = YES;
				GCC_WARN_ABOUT_RETURN_TYPE = YES_ERROR;
				GCC_WARN_UNDECLARED_SELECTOR = YES;
				GCC_WARN_UNINITIALIZED_AUTOS = YES_AGGRESSIVE;
				GCC_WARN_UNUSED_FUNCTION = YES;
				GCC_WARN_UNUSED_VARIABLE = YES;
				IPHONEOS_DEPLOYMENT_TARGET = 10.3;
				MTL_ENABLE_DEBUG_INFO = NO;
				SDKROOT = iphoneos;
				SWIFT_OPTIMIZATION_LEVEL = "-Owholemodule";
				TARGETED_DEVICE_FAMILY = "1,2";
				VALIDATE_PRODUCT = YES;
			};
			name = Release;
		};
		AF00AA931F2F1395002D53E9 /* Debug */ = {
			isa = XCBuildConfiguration;
			baseConfigurationReference = 694DD2462DEF414E38BACFC0 /* Pods-TestMind.debug.xcconfig */;
			buildSettings = {
				ASSETCATALOG_COMPILER_APPICON_NAME = AppIcon;
				DEVELOPMENT_TEAM = M6YNSGHTE9;
				INFOPLIST_FILE = TestMind/Info.plist;
				LD_RUNPATH_SEARCH_PATHS = "$(inherited) @executable_path/Frameworks";
				PRODUCT_BUNDLE_IDENTIFIER = siusiulala.TestMind;
				PRODUCT_NAME = "$(TARGET_NAME)";
				SWIFT_VERSION = 3.0;
			};
			name = Debug;
		};
		AF00AA941F2F1395002D53E9 /* Release */ = {
			isa = XCBuildConfiguration;
			baseConfigurationReference = DFDEFE50338E991A0CC34C3E /* Pods-TestMind.release.xcconfig */;
			buildSettings = {
				ASSETCATALOG_COMPILER_APPICON_NAME = AppIcon;
				DEVELOPMENT_TEAM = M6YNSGHTE9;
				INFOPLIST_FILE = TestMind/Info.plist;
				LD_RUNPATH_SEARCH_PATHS = "$(inherited) @executable_path/Frameworks";
				PRODUCT_BUNDLE_IDENTIFIER = siusiulala.TestMind;
				PRODUCT_NAME = "$(TARGET_NAME)";
				SWIFT_VERSION = 3.0;
			};
			name = Release;
		};
/* End XCBuildConfiguration section */

/* Begin XCConfigurationList section */
		AF00AA7B1F2F1394002D53E9 /* Build configuration list for PBXProject "TestMind" */ = {
			isa = XCConfigurationList;
			buildConfigurations = (
				AF00AA901F2F1395002D53E9 /* Debug */,
				AF00AA911F2F1395002D53E9 /* Release */,
			);
			defaultConfigurationIsVisible = 0;
			defaultConfigurationName = Release;
		};
		AF00AA921F2F1395002D53E9 /* Build configuration list for PBXNativeTarget "TestMind" */ = {
			isa = XCConfigurationList;
			buildConfigurations = (
				AF00AA931F2F1395002D53E9 /* Debug */,
				AF00AA941F2F1395002D53E9 /* Release */,
			);
			defaultConfigurationIsVisible = 0;
			defaultConfigurationName = Release;
		};
/* End XCConfigurationList section */
	};
	rootObject = AF00AA781F2F1394002D53E9 /* Project object */;
}
